{"is_source_file": false, "format": "", "description": "", "external_files": [], "external_methods": [], "published": [], "classes": [], "methods": [], "calls": [], "search-terms": [], "state": 2, "file_id": 18, "knowledge_revision": 37, "git_revision": "c646eac1c13fc05348e668dbc9e6543522bbbfb0", "hash": "e9b4c3b42cef0193b7fddb548d37e652", "format-version": 4, "code-base-name": "default", "filename": "weatherwatch_frontend/post_process_status.lock", "revision_history": [{"37": "c646eac1c13fc05348e668dbc9e6543522bbbfb0"}]}